
Microsoft Visual Studio Solution File, Format Version 12.00
# Visual Studio Version 16
VisualStudioVersion = 16.0.28803.202
MinimumVisualStudioVersion = 10.0.40219.1
Project("{9A19103F-16F7-4668-BE54-9A1E7A4F7556}") = "Cynosura.Core", "Cynosura.Core\Cynosura.Core.csproj", "{13170EC7-0B5A-4297-9A2C-46829E795369}"
EndProject
Project("{9A19103F-16F7-4668-BE54-9A1E7A4F7556}") = "Cynosura.EF", "Cynosura.EF\Cynosura.EF.csproj", "{EF1F63C2-FAEF-4D23-B648-F3F7B60D0F62}"
EndProject
Project("{9A19103F-16F7-4668-BE54-9A1E7A4F7556}") = "Cynosura.Web", "Cynosura.Web\Cynosura.Web.csproj", "{38175552-6EE8-41C6-A7F9-0D1166183D61}"
EndProject
Project("{9A19103F-16F7-4668-BE54-9A1E7A4F7556}") = "Cynosura.Messaging", "Cynosura.Messaging\Cynosura.Messaging.csproj", "{6BF8DA01-817F-4B1D-8F91-71A584935C4B}"
EndProject
Project("{2150E333-8FDC-42A3-9474-1A3956D46DE8}") = "Tests", "Tests", "{2562515A-4A7A-4745-BB9D-6C9491256168}"
EndProject
Project("{FAE04EC0-301F-11D3-BF4B-00C04F79EFBC}") = "Cynosura.Web.UnitTests", "Tests\Cynosura.Web.UnitTests\Cynosura.Web.UnitTests.csproj", "{30726531-E5D6-4C59-A8FB-C1DAD5C2300D}"
EndProject
Global
	GlobalSection(SolutionConfigurationPlatforms) = preSolution
		Debug|Any CPU = Debug|Any CPU
		Release|Any CPU = Release|Any CPU
	EndGlobalSection
	GlobalSection(ProjectConfigurationPlatforms) = postSolution
		{13170EC7-0B5A-4297-9A2C-46829E795369}.Debug|Any CPU.ActiveCfg = Debug|Any CPU
		{13170EC7-0B5A-4297-9A2C-46829E795369}.Debug|Any CPU.Build.0 = Debug|Any CPU
		{13170EC7-0B5A-4297-9A2C-46829E795369}.Release|Any CPU.ActiveCfg = Release|Any CPU
		{13170EC7-0B5A-4297-9A2C-46829E795369}.Release|Any CPU.Build.0 = Release|Any CPU
		{EF1F63C2-FAEF-4D23-B648-F3F7B60D0F62}.Debug|Any CPU.ActiveCfg = Debug|Any CPU
		{EF1F63C2-FAEF-4D23-B648-F3F7B60D0F62}.Debug|Any CPU.Build.0 = Debug|Any CPU
		{EF1F63C2-FAEF-4D23-B648-F3F7B60D0F62}.Release|Any CPU.ActiveCfg = Release|Any CPU
		{EF1F63C2-FAEF-4D23-B648-F3F7B60D0F62}.Release|Any CPU.Build.0 = Release|Any CPU
		{38175552-6EE8-41C6-A7F9-0D1166183D61}.Debug|Any CPU.ActiveCfg = Debug|Any CPU
		{38175552-6EE8-41C6-A7F9-0D1166183D61}.Debug|Any CPU.Build.0 = Debug|Any CPU
		{38175552-6EE8-41C6-A7F9-0D1166183D61}.Release|Any CPU.ActiveCfg = Release|Any CPU
		{38175552-6EE8-41C6-A7F9-0D1166183D61}.Release|Any CPU.Build.0 = Release|Any CPU
		{6BF8DA01-817F-4B1D-8F91-71A584935C4B}.Debug|Any CPU.ActiveCfg = Debug|Any CPU
		{6BF8DA01-817F-4B1D-8F91-71A584935C4B}.Debug|Any CPU.Build.0 = Debug|Any CPU
		{6BF8DA01-817F-4B1D-8F91-71A584935C4B}.Release|Any CPU.ActiveCfg = Release|Any CPU
		{6BF8DA01-817F-4B1D-8F91-71A584935C4B}.Release|Any CPU.Build.0 = Release|Any CPU
		{30726531-E5D6-4C59-A8FB-C1DAD5C2300D}.Debug|Any CPU.ActiveCfg = Debug|Any CPU
		{30726531-E5D6-4C59-A8FB-C1DAD5C2300D}.Debug|Any CPU.Build.0 = Debug|Any CPU
		{30726531-E5D6-4C59-A8FB-C1DAD5C2300D}.Release|Any CPU.ActiveCfg = Release|Any CPU
		{30726531-E5D6-4C59-A8FB-C1DAD5C2300D}.Release|Any CPU.Build.0 = Release|Any CPU
	EndGlobalSection
	GlobalSection(SolutionProperties) = preSolution
		HideSolutionNode = FALSE
	EndGlobalSection
	GlobalSection(NestedProjects) = preSolution
		{30726531-E5D6-4C59-A8FB-C1DAD5C2300D} = {2562515A-4A7A-4745-BB9D-6C9491256168}
	EndGlobalSection
	GlobalSection(ExtensibilityGlobals) = postSolution
		SolutionGuid = {57F6F8FF-12FB-4000-9680-F69ED47DC55A}
	EndGlobalSection
EndGlobal
