
Microsoft Visual Studio Solution File, Format Version 12.00
# Visual Studio Version 16
VisualStudioVersion = 16.0.28803.202
MinimumVisualStudioVersion = 10.0.40219.1
Project("{9A19103F-16F7-4668-BE54-9A1E7A4F7556}") = "Cynosura.Core", "Cynosura.Core\Cynosura.Core.csproj", "{13170EC7-0B5A-4297-9A2C-46829E795369}"
EndProject
Project("{9A19103F-16F7-4668-BE54-9A1E7A4F7556}") = "Cynosura.EF", "Cynosura.EF\Cynosura.EF.csproj", "{EF1F63C2-FAEF-4D23-B648-F3F7B60D0F62}"
EndProject
Project("{9A19103F-16F7-4668-BE54-9A1E7A4F7556}") = "Cynosura.Web", "Cynosura.Web\Cynosura.Web.csproj", "{38175552-6EE8-41C6-A7F9-0D1166183D61}"
EndProject
Project("{9A19103F-16F7-4668-BE54-9A1E7A4F7556}") = "Cynosura.Messaging.Abstractions", "Cynosura.Messaging.Abstractions\Cynosura.Messaging.Abstractions.csproj", "{59A05BA3-392E-43D6-9E24-2C774D0461C0}"
EndProject
Project("{9A19103F-16F7-4668-BE54-9A1E7A4F7556}") = "Cynosura.Messaging", "Cynosura.Messaging\Cynosura.Messaging.csproj", "{6BF8DA01-817F-4B1D-8F91-71A584935C4B}"
EndProject
Global
	GlobalSection(SolutionConfigurationPlatforms) = preSolution
		Debug|Any CPU = Debug|Any CPU
		Release|Any CPU = Release|Any CPU
	EndGlobalSection
	GlobalSection(ProjectConfigurationPlatforms) = postSolution
		{13170EC7-0B5A-4297-9A2C-46829E795369}.Debug|Any CPU.ActiveCfg = Debug|Any CPU
		{13170EC7-0B5A-4297-9A2C-46829E795369}.Debug|Any CPU.Build.0 = Debug|Any CPU
		{13170EC7-0B5A-4297-9A2C-46829E795369}.Release|Any CPU.ActiveCfg = Release|Any CPU
		{13170EC7-0B5A-4297-9A2C-46829E795369}.Release|Any CPU.Build.0 = Release|Any CPU
		{EF1F63C2-FAEF-4D23-B648-F3F7B60D0F62}.Debug|Any CPU.ActiveCfg = Debug|Any CPU
		{EF1F63C2-FAEF-4D23-B648-F3F7B60D0F62}.Debug|Any CPU.Build.0 = Debug|Any CPU
		{EF1F63C2-FAEF-4D23-B648-F3F7B60D0F62}.Release|Any CPU.ActiveCfg = Release|Any CPU
		{EF1F63C2-FAEF-4D23-B648-F3F7B60D0F62}.Release|Any CPU.Build.0 = Release|Any CPU
		{38175552-6EE8-41C6-A7F9-0D1166183D61}.Debug|Any CPU.ActiveCfg = Debug|Any CPU
		{38175552-6EE8-41C6-A7F9-0D1166183D61}.Debug|Any CPU.Build.0 = Debug|Any CPU
		{38175552-6EE8-41C6-A7F9-0D1166183D61}.Release|Any CPU.ActiveCfg = Release|Any CPU
		{38175552-6EE8-41C6-A7F9-0D1166183D61}.Release|Any CPU.Build.0 = Release|Any CPU
		{59A05BA3-392E-43D6-9E24-2C774D0461C0}.Debug|Any CPU.ActiveCfg = Debug|Any CPU
		{59A05BA3-392E-43D6-9E24-2C774D0461C0}.Debug|Any CPU.Build.0 = Debug|Any CPU
		{59A05BA3-392E-43D6-9E24-2C774D0461C0}.Release|Any CPU.ActiveCfg = Release|Any CPU
		{59A05BA3-392E-43D6-9E24-2C774D0461C0}.Release|Any CPU.Build.0 = Release|Any CPU
		{6BF8DA01-817F-4B1D-8F91-71A584935C4B}.Debug|Any CPU.ActiveCfg = Debug|Any CPU
		{6BF8DA01-817F-4B1D-8F91-71A584935C4B}.Debug|Any CPU.Build.0 = Debug|Any CPU
		{6BF8DA01-817F-4B1D-8F91-71A584935C4B}.Release|Any CPU.ActiveCfg = Release|Any CPU
		{6BF8DA01-817F-4B1D-8F91-71A584935C4B}.Release|Any CPU.Build.0 = Release|Any CPU
	EndGlobalSection
	GlobalSection(SolutionProperties) = preSolution
		HideSolutionNode = FALSE
	EndGlobalSection
	GlobalSection(ExtensibilityGlobals) = postSolution
		SolutionGuid = {57F6F8FF-12FB-4000-9680-F69ED47DC55A}
	EndGlobalSection
EndGlobal
